// !$*UTF8*$!
{
	archiveVersion = 1;
	classes = {
	};
	objectVersion = 56;
	objects = {

/* Begin PBXBuildFile section */
		2871753B2BF8D27A007F0B9B /* iris_componentApp.swift in Sources */ = {isa = PBXBuildFile; fileRef = 2871753A2BF8D27A007F0B9B /* iris_componentApp.swift */; };
		2871753D2BF8D27A007F0B9B /* ContentView.swift in Sources */ = {isa = PBXBuildFile; fileRef = 2871753C2BF8D27A007F0B9B /* ContentView.swift */; };
		2871753F2BF8D27C007F0B9B /* Assets.xcassets in Resources */ = {isa = PBXBuildFile; fileRef = 2871753E2BF8D27C007F0B9B /* Assets.xcassets */; };
		287175422BF8D27C007F0B9B /* Preview Assets.xcassets in Resources */ = {isa = PBXBuildFile; fileRef = 287175412BF8D27C007F0B9B /* Preview Assets.xcassets */; };
		2871754C2BF8D27C007F0B9B /* iris_componentTests.swift in Sources */ = {isa = PBXBuildFile; fileRef = 2871754B2BF8D27C007F0B9B /* iris_componentTests.swift */; };
		287175562BF8D27C007F0B9B /* iris_componentUITests.swift in Sources */ = {isa = PBXBuildFile; fileRef = 287175552BF8D27C007F0B9B /* iris_componentUITests.swift */; };
		287175582BF8D27C007F0B9B /* iris_componentUITestsLaunchTests.swift in Sources */ = {isa = PBXBuildFile; fileRef = 287175572BF8D27C007F0B9B /* iris_componentUITestsLaunchTests.swift */; };
/* End PBXBuildFile section */

/* Begin PBXContainerItemProxy section */
		287175482BF8D27C007F0B9B /* PBXContainerItemProxy */ = {
			isa = PBXContainerItemProxy;
			containerPortal = 2871752F2BF8D27A007F0B9B /* Project object */;
			proxyType = 1;
			remoteGlobalIDString = 287175362BF8D27A007F0B9B;
			remoteInfo = "iris-component";
		};
		287175522BF8D27C007F0B9B /* PBXContainerItemProxy */ = {
			isa = PBXContainerItemProxy;
			containerPortal = 2871752F2BF8D27A007F0B9B /* Project object */;
			proxyType = 1;
			remoteGlobalIDString = 287175362BF8D27A007F0B9B;
			remoteInfo = "iris-component";
		};
/* End PBXContainerItemProxy section */

/* Begin PBXFileReference section */
		287175372BF8D27A007F0B9B /* iris-component.app */ = {isa = PBXFileReference; explicitFileType = wrapper.application; includeInIndex = 0; path = "iris-component.app"; sourceTree = BUILT_PRODUCTS_DIR; };
		2871753A2BF8D27A007F0B9B /* iris_componentApp.swift */ = {isa = PBXFileReference; lastKnownFileType = sourcecode.swift; path = iris_componentApp.swift; sourceTree = "<group>"; };
		2871753C2BF8D27A007F0B9B /* ContentView.swift */ = {isa = PBXFileReference; lastKnownFileType = sourcecode.swift; path = ContentView.swift; sourceTree = "<group>"; };
		2871753E2BF8D27C007F0B9B /* Assets.xcassets */ = {isa = PBXFileReference; lastKnownFileType = folder.assetcatalog; path = Assets.xcassets; sourceTree = "<group>"; };
		287175412BF8D27C007F0B9B /* Preview Assets.xcassets */ = {isa = PBXFileReference; lastKnownFileType = folder.assetcatalog; path = "Preview Assets.xcassets"; sourceTree = "<group>"; };
		287175472BF8D27C007F0B9B /* iris-componentTests.xctest */ = {isa = PBXFileReference; explicitFileType = wrapper.cfbundle; includeInIndex = 0; path = "iris-componentTests.xctest"; sourceTree = BUILT_PRODUCTS_DIR; };
		2871754B2BF8D27C007F0B9B /* iris_componentTests.swift */ = {isa = PBXFileReference; lastKnownFileType = sourcecode.swift; path = iris_componentTests.swift; sourceTree = "<group>"; };
		287175512BF8D27C007F0B9B /* iris-componentUITests.xctest */ = {isa = PBXFileReference; explicitFileType = wrapper.cfbundle; includeInIndex = 0; path = "iris-componentUITests.xctest"; sourceTree = BUILT_PRODUCTS_DIR; };
		287175552BF8D27C007F0B9B /* iris_componentUITests.swift */ = {isa = PBXFileReference; lastKnownFileType = sourcecode.swift; path = iris_componentUITests.swift; sourceTree = "<group>"; };
		287175572BF8D27C007F0B9B /* iris_componentUITestsLaunchTests.swift */ = {isa = PBXFileReference; lastKnownFileType = sourcecode.swift; path = iris_componentUITestsLaunchTests.swift; sourceTree = "<group>"; };
/* End PBXFileReference section */

/* Begin PBXFrameworksBuildPhase section */
		287175342BF8D27A007F0B9B /* Frameworks */ = {
			isa = PBXFrameworksBuildPhase;
			buildActionMask = 2147483647;
			files = (
			);
			runOnlyForDeploymentPostprocessing = 0;
		};
		287175442BF8D27C007F0B9B /* Frameworks */ = {
			isa = PBXFrameworksBuildPhase;
			buildActionMask = 2147483647;
			files = (
			);
			runOnlyForDeploymentPostprocessing = 0;
		};
		2871754E2BF8D27C007F0B9B /* Frameworks */ = {
			isa = PBXFrameworksBuildPhase;
			buildActionMask = 2147483647;
			files = (
			);
			runOnlyForDeploymentPostprocessing = 0;
		};
/* End PBXFrameworksBuildPhase section */

/* Begin PBXGroup section */
		2871752E2BF8D27A007F0B9B = {
			isa = PBXGroup;
			children = (
				287175392BF8D27A007F0B9B /* iris-component */,
				2871754A2BF8D27C007F0B9B /* iris-componentTests */,
				287175542BF8D27C007F0B9B /* iris-componentUITests */,
				287175382BF8D27A007F0B9B /* Products */,
			);
			sourceTree = "<group>";
		};
		287175382BF8D27A007F0B9B /* Products */ = {
			isa = PBXGroup;
			children = (
				287175372BF8D27A007F0B9B /* iris-component.app */,
				287175472BF8D27C007F0B9B /* iris-componentTests.xctest */,
				287175512BF8D27C007F0B9B /* iris-componentUITests.xctest */,
			);
			name = Products;
			sourceTree = "<group>";
		};
		287175392BF8D27A007F0B9B /* iris-component */ = {
			isa = PBXGroup;
			children = (
				2871753A2BF8D27A007F0B9B /* iris_componentApp.swift */,
				2871753C2BF8D27A007F0B9B /* ContentView.swift */,
				2871753E2BF8D27C007F0B9B /* Assets.xcassets */,
				287175402BF8D27C007F0B9B /* Preview Content */,
			);
			path = "iris-component";
			sourceTree = "<group>";
		};
		287175402BF8D27C007F0B9B /* Preview Content */ = {
			isa = PBXGroup;
			children = (
				287175412BF8D27C007F0B9B /* Preview Assets.xcassets */,
			);
			path = "Preview Content";
			sourceTree = "<group>";
		};
		2871754A2BF8D27C007F0B9B /* iris-componentTests */ = {
			isa = PBXGroup;
			children = (
				2871754B2BF8D27C007F0B9B /* iris_componentTests.swift */,
			);
			path = "iris-componentTests";
			sourceTree = "<group>";
		};
		287175542BF8D27C007F0B9B /* iris-componentUITests */ = {
			isa = PBXGroup;
			children = (
				287175552BF8D27C007F0B9B /* iris_componentUITests.swift */,
				287175572BF8D27C007F0B9B /* iris_componentUITestsLaunchTests.swift */,
			);
			path = "iris-componentUITests";
			sourceTree = "<group>";
		};
/* End PBXGroup section */

/* Begin PBXNativeTarget section */
		287175362BF8D27A007F0B9B /* iris-component */ = {
			isa = PBXNativeTarget;
			buildConfigurationList = 2871755B2BF8D27C007F0B9B /* Build configuration list for PBXNativeTarget "iris-component" */;
			buildPhases = (
				287175332BF8D27A007F0B9B /* Sources */,
				287175342BF8D27A007F0B9B /* Frameworks */,
				287175352BF8D27A007F0B9B /* Resources */,
			);
			buildRules = (
			);
			dependencies = (
			);
			name = "iris-component";
			productName = "iris-component";
			productReference = 287175372BF8D27A007F0B9B /* iris-component.app */;
			productType = "com.apple.product-type.application";
		};
		287175462BF8D27C007F0B9B /* iris-componentTests */ = {
			isa = PBXNativeTarget;
			buildConfigurationList = 2871755E2BF8D27C007F0B9B /* Build configuration list for PBXNativeTarget "iris-componentTests" */;
			buildPhases = (
				287175432BF8D27C007F0B9B /* Sources */,
				287175442BF8D27C007F0B9B /* Frameworks */,
				287175452BF8D27C007F0B9B /* Resources */,
			);
			buildRules = (
			);
			dependencies = (
				287175492BF8D27C007F0B9B /* PBXTargetDependency */,
			);
			name = "iris-componentTests";
			productName = "iris-componentTests";
			productReference = 287175472BF8D27C007F0B9B /* iris-componentTests.xctest */;
			productType = "com.apple.product-type.bundle.unit-test";
		};
		287175502BF8D27C007F0B9B /* iris-componentUITests */ = {
			isa = PBXNativeTarget;
			buildConfigurationList = 287175612BF8D27C007F0B9B /* Build configuration list for PBXNativeTarget "iris-componentUITests" */;
			buildPhases = (
				2871754D2BF8D27C007F0B9B /* Sources */,
				2871754E2BF8D27C007F0B9B /* Frameworks */,
				2871754F2BF8D27C007F0B9B /* Resources */,
			);
			buildRules = (
			);
			dependencies = (
				287175532BF8D27C007F0B9B /* PBXTargetDependency */,
			);
			name = "iris-componentUITests";
			productName = "iris-componentUITests";
			productReference = 287175512BF8D27C007F0B9B /* iris-componentUITests.xctest */;
			productType = "com.apple.product-type.bundle.ui-testing";
		};
/* End PBXNativeTarget section */

/* Begin PBXProject section */
		2871752F2BF8D27A007F0B9B /* Project object */ = {
			isa = PBXProject;
			attributes = {
				BuildIndependentTargetsInParallel = 1;
				LastSwiftUpdateCheck = 1530;
				LastUpgradeCheck = 1530;
				TargetAttributes = {
					287175362BF8D27A007F0B9B = {
						CreatedOnToolsVersion = 15.3;
					};
					287175462BF8D27C007F0B9B = {
						CreatedOnToolsVersion = 15.3;
						TestTargetID = 287175362BF8D27A007F0B9B;
					};
					287175502BF8D27C007F0B9B = {
						CreatedOnToolsVersion = 15.3;
						TestTargetID = 287175362BF8D27A007F0B9B;
					};
				};
			};
			buildConfigurationList = 287175322BF8D27A007F0B9B /* Build configuration list for PBXProject "iris-component" */;
			compatibilityVersion = "Xcode 14.0";
			developmentRegion = en;
			hasScannedForEncodings = 0;
			knownRegions = (
				en,
				Base,
			);
			mainGroup = 2871752E2BF8D27A007F0B9B;
			productRefGroup = 287175382BF8D27A007F0B9B /* Products */;
			projectDirPath = "";
			projectRoot = "";
			targets = (
				287175362BF8D27A007F0B9B /* iris-component */,
				287175462BF8D27C007F0B9B /* iris-componentTests */,
				287175502BF8D27C007F0B9B /* iris-componentUITests */,
			);
		};
/* End PBXProject section */

/* Begin PBXResourcesBuildPhase section */
		287175352BF8D27A007F0B9B /* Resources */ = {
			isa = PBXResourcesBuildPhase;
			buildActionMask = 2147483647;
			files = (
				287175422BF8D27C007F0B9B /* Preview Assets.xcassets in Resources */,
				2871753F2BF8D27C007F0B9B /* Assets.xcassets in Resources */,
			);
			runOnlyForDeploymentPostprocessing = 0;
		};
		287175452BF8D27C007F0B9B /* Resources */ = {
			isa = PBXResourcesBuildPhase;
			buildActionMask = 2147483647;
			files = (
			);
			runOnlyForDeploymentPostprocessing = 0;
		};
		2871754F2BF8D27C007F0B9B /* Resources */ = {
			isa = PBXResourcesBuildPhase;
			buildActionMask = 2147483647;
			files = (
			);
			runOnlyForDeploymentPostprocessing = 0;
		};
/* End PBXResourcesBuildPhase section */

/* Begin PBXSourcesBuildPhase section */
		287175332BF8D27A007F0B9B /* Sources */ = {
			isa = PBXSourcesBuildPhase;
			buildActionMask = 2147483647;
			files = (
				2871753D2BF8D27A007F0B9B /* ContentView.swift in Sources */,
				2871753B2BF8D27A007F0B9B /* iris_componentApp.swift in Sources */,
			);
			runOnlyForDeploymentPostprocessing = 0;
		};
		287175432BF8D27C007F0B9B /* Sources */ = {
			isa = PBXSourcesBuildPhase;
			buildActionMask = 2147483647;
			files = (
				2871754C2BF8D27C007F0B9B /* iris_componentTests.swift in Sources */,
			);
			runOnlyForDeploymentPostprocessing = 0;
		};
		2871754D2BF8D27C007F0B9B /* Sources */ = {
			isa = PBXSourcesBuildPhase;
			buildActionMask = 2147483647;
			files = (
				287175562BF8D27C007F0B9B /* iris_componentUITests.swift in Sources */,
				287175582BF8D27C007F0B9B /* iris_componentUITestsLaunchTests.swift in Sources */,
			);
			runOnlyForDeploymentPostprocessing = 0;
		};
/* End PBXSourcesBuildPhase section */

/* Begin PBXTargetDependency section */
		287175492BF8D27C007F0B9B /* PBXTargetDependency */ = {
			isa = PBXTargetDependency;
			target = 287175362BF8D27A007F0B9B /* iris-component */;
			targetProxy = 287175482BF8D27C007F0B9B /* PBXContainerItemProxy */;
		};
		287175532BF8D27C007F0B9B /* PBXTargetDependency */ = {
			isa = PBXTargetDependency;
			target = 287175362BF8D27A007F0B9B /* iris-component */;
			targetProxy = 287175522BF8D27C007F0B9B /* PBXContainerItemProxy */;
		};
/* End PBXTargetDependency section */

/* Begin XCBuildConfiguration section */
		287175592BF8D27C007F0B9B /* Debug */ = {
			isa = XCBuildConfiguration;
			buildSettings = {
				ALWAYS_SEARCH_USER_PATHS = NO;
				ASSETCATALOG_COMPILER_GENERATE_SWIFT_ASSET_SYMBOL_EXTENSIONS = YES;
				CLANG_ANALYZER_NONNULL = YES;
				CLANG_ANALYZER_NUMBER_OBJECT_CONVERSION = YES_AGGRESSIVE;
				CLANG_CXX_LANGUAGE_STANDARD = "gnu++20";
				CLANG_ENABLE_MODULES = YES;
				CLANG_ENABLE_OBJC_ARC = YES;
				CLANG_ENABLE_OBJC_WEAK = YES;
				CLANG_WARN_BLOCK_CAPTURE_AUTORELEASING = YES;
				CLANG_WARN_BOOL_CONVERSION = YES;
				CLANG_WARN_COMMA = YES;
				CLANG_WARN_CONSTANT_CONVERSION = YES;
				CLANG_WARN_DEPRECATED_OBJC_IMPLEMENTATIONS = YES;
				CLANG_WARN_DIRECT_OBJC_ISA_USAGE = YES_ERROR;
				CLANG_WARN_DOCUMENTATION_COMMENTS = YES;
				CLANG_WARN_EMPTY_BODY = YES;
				CLANG_WARN_ENUM_CONVERSION = YES;
				CLANG_WARN_INFINITE_RECURSION = YES;
				CLANG_WARN_INT_CONVERSION = YES;
				CLANG_WARN_NON_LITERAL_NULL_CONVERSION = YES;
				CLANG_WARN_OBJC_IMPLICIT_RETAIN_SELF = YES;
				CLANG_WARN_OBJC_LITERAL_CONVERSION = YES;
				CLANG_WARN_OBJC_ROOT_CLASS = YES_ERROR;
				CLANG_WARN_QUOTED_INCLUDE_IN_FRAMEWORK_HEADER = YES;
				CLANG_WARN_RANGE_LOOP_ANALYSIS = YES;
				CLANG_WARN_STRICT_PROTOTYPES = YES;
				CLANG_WARN_SUSPICIOUS_MOVE = YES;
				CLANG_WARN_UNGUARDED_AVAILABILITY = YES_AGGRESSIVE;
				CLANG_WARN_UNREACHABLE_CODE = YES;
				CLANG_WARN__DUPLICATE_METHOD_MATCH = YES;
				COPY_PHASE_STRIP = NO;
				DEBUG_INFORMATION_FORMAT = dwarf;
				ENABLE_STRICT_OBJC_MSGSEND = YES;
				ENABLE_TESTABILITY = YES;
				ENABLE_USER_SCRIPT_SANDBOXING = YES;
				GCC_C_LANGUAGE_STANDARD = gnu17;
				GCC_DYNAMIC_NO_PIC = NO;
				GCC_NO_COMMON_BLOCKS = YES;
				GCC_OPTIMIZATION_LEVEL = 0;
				GCC_PREPROCESSOR_DEFINITIONS = (
					"DEBUG=1",
					"$(inherited)",
				);
				GCC_WARN_64_TO_32_BIT_CONVERSION = YES;
				GCC_WARN_ABOUT_RETURN_TYPE = YES_ERROR;
				GCC_WARN_UNDECLARED_SELECTOR = YES;
				GCC_WARN_UNINITIALIZED_AUTOS = YES_AGGRESSIVE;
				GCC_WARN_UNUSED_FUNCTION = YES;
				GCC_WARN_UNUSED_VARIABLE = YES;
				IPHONEOS_DEPLOYMENT_TARGET = 17.4;
				LOCALIZATION_PREFERS_STRING_CATALOGS = YES;
				MTL_ENABLE_DEBUG_INFO = INCLUDE_SOURCE;
				MTL_FAST_MATH = YES;
				ONLY_ACTIVE_ARCH = YES;
				SDKROOT = iphoneos;
				SWIFT_ACTIVE_COMPILATION_CONDITIONS = "DEBUG $(inherited)";
				SWIFT_OPTIMIZATION_LEVEL = "-Onone";
			};
			name = Debug;
		};
		2871755A2BF8D27C007F0B9B /* Release */ = {
			isa = XCBuildConfiguration;
			buildSettings = {
				ALWAYS_SEARCH_USER_PATHS = NO;
				ASSETCATALOG_COMPILER_GENERATE_SWIFT_ASSET_SYMBOL_EXTENSIONS = YES;
				CLANG_ANALYZER_NONNULL = YES;
				CLANG_ANALYZER_NUMBER_OBJECT_CONVERSION = YES_AGGRESSIVE;
				CLANG_CXX_LANGUAGE_STANDARD = "gnu++20";
				CLANG_ENABLE_MODULES = YES;
				CLANG_ENABLE_OBJC_ARC = YES;
				CLANG_ENABLE_OBJC_WEAK = YES;
				CLANG_WARN_BLOCK_CAPTURE_AUTORELEASING = YES;
				CLANG_WARN_BOOL_CONVERSION = YES;
				CLANG_WARN_COMMA = YES;
				CLANG_WARN_CONSTANT_CONVERSION = YES;
				CLANG_WARN_DEPRECATED_OBJC_IMPLEMENTATIONS = YES;
				CLANG_WARN_DIRECT_OBJC_ISA_USAGE = YES_ERROR;
				CLANG_WARN_DOCUMENTATION_COMMENTS = YES;
				CLANG_WARN_EMPTY_BODY = YES;
				CLANG_WARN_ENUM_CONVERSION = YES;
				CLANG_WARN_INFINITE_RECURSION = YES;
				CLANG_WARN_INT_CONVERSION = YES;
				CLANG_WARN_NON_LITERAL_NULL_CONVERSION = YES;
				CLANG_WARN_OBJC_IMPLICIT_RETAIN_SELF = YES;
				CLANG_WARN_OBJC_LITERAL_CONVERSION = YES;
				CLANG_WARN_OBJC_ROOT_CLASS = YES_ERROR;
				CLANG_WARN_QUOTED_INCLUDE_IN_FRAMEWORK_HEADER = YES;
				CLANG_WARN_RANGE_LOOP_ANALYSIS = YES;
				CLANG_WARN_STRICT_PROTOTYPES = YES;
				CLANG_WARN_SUSPICIOUS_MOVE = YES;
				CLANG_WARN_UNGUARDED_AVAILABILITY = YES_AGGRESSIVE;
				CLANG_WARN_UNREACHABLE_CODE = YES;
				CLANG_WARN__DUPLICATE_METHOD_MATCH = YES;
				COPY_PHASE_STRIP = NO;
				DEBUG_INFORMATION_FORMAT = "dwarf-with-dsym";
				ENABLE_NS_ASSERTIONS = NO;
				ENABLE_STRICT_OBJC_MSGSEND = YES;
				ENABLE_USER_SCRIPT_SANDBOXING = YES;
				GCC_C_LANGUAGE_STANDARD = gnu17;
				GCC_NO_COMMON_BLOCKS = YES;
				GCC_WARN_64_TO_32_BIT_CONVERSION = YES;
				GCC_WARN_ABOUT_RETURN_TYPE = YES_ERROR;
				GCC_WARN_UNDECLARED_SELECTOR = YES;
				GCC_WARN_UNINITIALIZED_AUTOS = YES_AGGRESSIVE;
				GCC_WARN_UNUSED_FUNCTION = YES;
				GCC_WARN_UNUSED_VARIABLE = YES;
				IPHONEOS_DEPLOYMENT_TARGET = 17.4;
				LOCALIZATION_PREFERS_STRING_CATALOGS = YES;
				MTL_ENABLE_DEBUG_INFO = NO;
				MTL_FAST_MATH = YES;
				SDKROOT = iphoneos;
				SWIFT_COMPILATION_MODE = wholemodule;
				VALIDATE_PRODUCT = YES;
			};
			name = Release;
		};
		2871755C2BF8D27C007F0B9B /* Debug */ = {
			isa = XCBuildConfiguration;
			buildSettings = {
				ASSETCATALOG_COMPILER_APPICON_NAME = AppIcon;
				ASSETCATALOG_COMPILER_GLOBAL_ACCENT_COLOR_NAME = AccentColor;
				CODE_SIGN_STYLE = Automatic;
				CURRENT_PROJECT_VERSION = 1;
				DEVELOPMENT_ASSET_PATHS = "\"iris-component/Preview Content\"";
				ENABLE_PREVIEWS = YES;
				GENERATE_INFOPLIST_FILE = YES;
				INFOPLIST_KEY_UIApplicationSceneManifest_Generation = YES;
				INFOPLIST_KEY_UIApplicationSupportsIndirectInputEvents = YES;
				INFOPLIST_KEY_UILaunchScreen_Generation = YES;
				INFOPLIST_KEY_UISupportedInterfaceOrientations_iPad = "UIInterfaceOrientationPortrait UIInterfaceOrientationPortraitUpsideDown UIInterfaceOrientationLandscapeLeft UIInterfaceOrientationLandscapeRight";
				INFOPLIST_KEY_UISupportedInterfaceOrientations_iPhone = "UIInterfaceOrientationPortrait UIInterfaceOrientationLandscapeLeft UIInterfaceOrientationLandscapeRight";
				LD_RUNPATH_SEARCH_PATHS = (
					"$(inherited)",
					"@executable_path/Frameworks",
				);
				MARKETING_VERSION = 1.0;
				PRODUCT_BUNDLE_IDENTIFIER = "yinka.iris-component";
				PRODUCT_NAME = "$(TARGET_NAME)";
				SWIFT_EMIT_LOC_STRINGS = YES;
				SWIFT_VERSION = 5.0;
				TARGETED_DEVICE_FAMILY = "1,2";
			};
			name = Debug;
		};
		2871755D2BF8D27C007F0B9B /* Release */ = {
			isa = XCBuildConfiguration;
			buildSettings = {
				ASSETCATALOG_COMPILER_APPICON_NAME = AppIcon;
				ASSETCATALOG_COMPILER_GLOBAL_ACCENT_COLOR_NAME = AccentColor;
				CODE_SIGN_STYLE = Automatic;
				CURRENT_PROJECT_VERSION = 1;
				DEVELOPMENT_ASSET_PATHS = "\"iris-component/Preview Content\"";
				ENABLE_PREVIEWS = YES;
				GENERATE_INFOPLIST_FILE = YES;
				INFOPLIST_KEY_UIApplicationSceneManifest_Generation = YES;
				INFOPLIST_KEY_UIApplicationSupportsIndirectInputEvents = YES;
				INFOPLIST_KEY_UILaunchScreen_Generation = YES;
				INFOPLIST_KEY_UISupportedInterfaceOrientations_iPad = "UIInterfaceOrientationPortrait UIInterfaceOrientationPortraitUpsideDown UIInterfaceOrientationLandscapeLeft UIInterfaceOrientationLandscapeRight";
				INFOPLIST_KEY_UISupportedInterfaceOrientations_iPhone = "UIInterfaceOrientationPortrait UIInterfaceOrientationLandscapeLeft UIInterfaceOrientationLandscapeRight";
				LD_RUNPATH_SEARCH_PATHS = (
					"$(inherited)",
					"@executable_path/Frameworks",
				);
				MARKETING_VERSION = 1.0;
				PRODUCT_BUNDLE_IDENTIFIER = "yinka.iris-component";
				PRODUCT_NAME = "$(TARGET_NAME)";
				SWIFT_EMIT_LOC_STRINGS = YES;
				SWIFT_VERSION = 5.0;
				TARGETED_DEVICE_FAMILY = "1,2";
			};
			name = Release;
		};
		2871755F2BF8D27C007F0B9B /* Debug */ = {
			isa = XCBuildConfiguration;
			buildSettings = {
				ALWAYS_EMBED_SWIFT_STANDARD_LIBRARIES = YES;
				BUNDLE_LOADER = "$(TEST_HOST)";
				CODE_SIGN_STYLE = Automatic;
				CURRENT_PROJECT_VERSION = 1;
				GENERATE_INFOPLIST_FILE = YES;
				IPHONEOS_DEPLOYMENT_TARGET = 17.4;
				MARKETING_VERSION = 1.0;
				PRODUCT_BUNDLE_IDENTIFIER = "yinka.iris-componentTests";
				PRODUCT_NAME = "$(TARGET_NAME)";
				SWIFT_EMIT_LOC_STRINGS = NO;
				SWIFT_VERSION = 5.0;
				TARGETED_DEVICE_FAMILY = "1,2";
				TEST_HOST = "$(BUILT_PRODUCTS_DIR)/iris-component.app/$(BUNDLE_EXECUTABLE_FOLDER_PATH)/iris-component";
			};
			name = Debug;
		};
		287175602BF8D27C007F0B9B /* Release */ = {
			isa = XCBuildConfiguration;
			buildSettings = {
				ALWAYS_EMBED_SWIFT_STANDARD_LIBRARIES = YES;
				BUNDLE_LOADER = "$(TEST_HOST)";
				CODE_SIGN_STYLE = Automatic;
				CURRENT_PROJECT_VERSION = 1;
				GENERATE_INFOPLIST_FILE = YES;
				IPHONEOS_DEPLOYMENT_TARGET = 17.4;
				MARKETING_VERSION = 1.0;
				PRODUCT_BUNDLE_IDENTIFIER = "yinka.iris-componentTests";
				PRODUCT_NAME = "$(TARGET_NAME)";
				SWIFT_EMIT_LOC_STRINGS = NO;
				SWIFT_VERSION = 5.0;
				TARGETED_DEVICE_FAMILY = "1,2";
				TEST_HOST = "$(BUILT_PRODUCTS_DIR)/iris-component.app/$(BUNDLE_EXECUTABLE_FOLDER_PATH)/iris-component";
			};
			name = Release;
		};
		287175622BF8D27C007F0B9B /* Debug */ = {
			isa = XCBuildConfiguration;
			buildSettings = {
				ALWAYS_EMBED_SWIFT_STANDARD_LIBRARIES = YES;
				CODE_SIGN_STYLE = Automatic;
				CURRENT_PROJECT_VERSION = 1;
				GENERATE_INFOPLIST_FILE = YES;
				MARKETING_VERSION = 1.0;
				PRODUCT_BUNDLE_IDENTIFIER = "yinka.iris-componentUITests";
				PRODUCT_NAME = "$(TARGET_NAME)";
				SWIFT_EMIT_LOC_STRINGS = NO;
				SWIFT_VERSION = 5.0;
				TARGETED_DEVICE_FAMILY = "1,2";
				TEST_TARGET_NAME = "iris-component";
			};
			name = Debug;
		};
		287175632BF8D27C007F0B9B /* Release */ = {
			isa = XCBuildConfiguration;
			buildSettings = {
				ALWAYS_EMBED_SWIFT_STANDARD_LIBRARIES = YES;
				CODE_SIGN_STYLE = Automatic;
				CURRENT_PROJECT_VERSION = 1;
				GENERATE_INFOPLIST_FILE = YES;
				MARKETING_VERSION = 1.0;
				PRODUCT_BUNDLE_IDENTIFIER = "yinka.iris-componentUITests";
				PRODUCT_NAME = "$(TARGET_NAME)";
				SWIFT_EMIT_LOC_STRINGS = NO;
				SWIFT_VERSION = 5.0;
				TARGETED_DEVICE_FAMILY = "1,2";
				TEST_TARGET_NAME = "iris-component";
			};
			name = Release;
		};
/* End XCBuildConfiguration section */

/* Begin XCConfigurationList section */
		287175322BF8D27A007F0B9B /* Build configuration list for PBXProject "iris-component" */ = {
			isa = XCConfigurationList;
			buildConfigurations = (
				287175592BF8D27C007F0B9B /* Debug */,
				2871755A2BF8D27C007F0B9B /* Release */,
			);
			defaultConfigurationIsVisible = 0;
			defaultConfigurationName = Release;
		};
		2871755B2BF8D27C007F0B9B /* Build configuration list for PBXNativeTarget "iris-component" */ = {
			isa = XCConfigurationList;
			buildConfigurations = (
				2871755C2BF8D27C007F0B9B /* Debug */,
				2871755D2BF8D27C007F0B9B /* Release */,
			);
			defaultConfigurationIsVisible = 0;
			defaultConfigurationName = Release;
		};
		2871755E2BF8D27C007F0B9B /* Build configuration list for PBXNativeTarget "iris-componentTests" */ = {
			isa = XCConfigurationList;
			buildConfigurations = (
				2871755F2BF8D27C007F0B9B /* Debug */,
				287175602BF8D27C007F0B9B /* Release */,
			);
			defaultConfigurationIsVisible = 0;
			defaultConfigurationName = Release;
		};
		287175612BF8D27C007F0B9B /* Build configuration list for PBXNativeTarget "iris-componentUITests" */ = {
			isa = XCConfigurationList;
			buildConfigurations = (
				287175622BF8D27C007F0B9B /* Debug */,
				287175632BF8D27C007F0B9B /* Release */,
			);
			defaultConfigurationIsVisible = 0;
			defaultConfigurationName = Release;
		};
/* End XCConfigurationList section */
	};
	rootObject = 2871752F2BF8D27A007F0B9B /* Project object */;
}
